
Microsoft Visual Studio Solution File, Format Version 12.00
# Visual Studio 15
VisualStudioVersion = 15.0.28010.2016
MinimumVisualStudioVersion = 10.0.40219.1
Project("{FAE04EC0-301F-11D3-BF4B-00C04F79EFBC}") = "TheaterManager.Domain", "TheaterManager.Domain\TheaterManager.Domain.csproj", "{9199C8E7-E7FC-4C52-AAED-668186347CB8}"
EndProject
Project("{FAE04EC0-301F-11D3-BF4B-00C04F79EFBC}") = "TheaterManager.Web", "TheaterManager.Web\TheaterManager.Web.csproj", "{EC203335-1434-45F9-A4AF-8631D6281B58}"
EndProject
Global
	GlobalSection(SolutionConfigurationPlatforms) = preSolution
		Debug|Any CPU = Debug|Any CPU
		Release|Any CPU = Release|Any CPU
	EndGlobalSection
	GlobalSection(ProjectConfigurationPlatforms) = postSolution
		{9199C8E7-E7FC-4C52-AAED-668186347CB8}.Debug|Any CPU.ActiveCfg = Debug|Any CPU
		{9199C8E7-E7FC-4C52-AAED-668186347CB8}.Debug|Any CPU.Build.0 = Debug|Any CPU
		{9199C8E7-E7FC-4C52-AAED-668186347CB8}.Release|Any CPU.ActiveCfg = Release|Any CPU
		{9199C8E7-E7FC-4C52-AAED-668186347CB8}.Release|Any CPU.Build.0 = Release|Any CPU
		{EC203335-1434-45F9-A4AF-8631D6281B58}.Debug|Any CPU.ActiveCfg = Debug|Any CPU
		{EC203335-1434-45F9-A4AF-8631D6281B58}.Debug|Any CPU.Build.0 = Debug|Any CPU
		{EC203335-1434-45F9-A4AF-8631D6281B58}.Release|Any CPU.ActiveCfg = Release|Any CPU
		{EC203335-1434-45F9-A4AF-8631D6281B58}.Release|Any CPU.Build.0 = Release|Any CPU
	EndGlobalSection
	GlobalSection(SolutionProperties) = preSolution
		HideSolutionNode = FALSE
	EndGlobalSection
	GlobalSection(ExtensibilityGlobals) = postSolution
		SolutionGuid = {B98A7494-0D0B-4FE6-9DD6-71FF41E3C3C6}
	EndGlobalSection
EndGlobal
